<?xml version="1.0" encoding="UTF-8"?>
<!DOCTYPE plist PUBLIC "-//Apple//DTD PLIST 1.0//EN" "http://www.apple.com/DTDs/PropertyList-1.0.dtd">
<plist version="1.0">
<dict>
	<key>archiveVersion</key>
	<string>1</string>
	<key>classes</key>
	<dict/>
	<key>objectVersion</key>
	<string>46</string>
	<key>objects</key>
	<dict>
		<key>19DEB25A7EE94D15A6DB6F7D</key>
		<dict>
			<key>explicitFileType</key>
			<string>archive.ar</string>
			<key>includeInIndex</key>
			<string>0</string>
			<key>isa</key>
			<string>PBXFileReference</string>
			<key>path</key>
			<string>libPods.a</string>
			<key>sourceTree</key>
			<string>BUILT_PRODUCTS_DIR</string>
		</dict>
		<key>1C1F3F2D1935C56300BD6220</key>
		<dict>
			<key>fileEncoding</key>
			<string>4</string>
			<key>isa</key>
			<string>PBXFileReference</string>
			<key>lastKnownFileType</key>
			<string>sourcecode.c.h</string>
			<key>path</key>
			<string>TKPRootViewController.h</string>
			<key>sourceTree</key>
			<string>&lt;group&gt;</string>
		</dict>
		<key>1C1F3F2E1935C56300BD6220</key>
		<dict>
			<key>fileEncoding</key>
			<string>4</string>
			<key>isa</key>
			<string>PBXFileReference</string>
			<key>lastKnownFileType</key>
			<string>sourcecode.c.objc</string>
			<key>path</key>
			<string>TKPRootViewController.m</string>
			<key>sourceTree</key>
			<string>&lt;group&gt;</string>
		</dict>
		<key>1C1F3F2F1935C56300BD6220</key>
		<dict>
			<key>fileRef</key>
			<string>1C1F3F2E1935C56300BD6220</string>
			<key>isa</key>
			<string>PBXBuildFile</string>
		</dict>
		<key>1C1F3F301935CF3E00BD6220</key>
		<dict>
			<key>fileEncoding</key>
			<string>4</string>
			<key>isa</key>
			<string>PBXFileReference</string>
			<key>lastKnownFileType</key>
			<string>sourcecode.c.h</string>
			<key>path</key>
			<string>TKPEditNameTableViewCell.h</string>
			<key>sourceTree</key>
			<string>&lt;group&gt;</string>
		</dict>
		<key>1C1F3F311935CF3E00BD6220</key>
		<dict>
			<key>fileEncoding</key>
			<string>4</string>
			<key>isa</key>
			<string>PBXFileReference</string>
			<key>lastKnownFileType</key>
			<string>sourcecode.c.objc</string>
			<key>path</key>
			<string>TKPEditNameTableViewCell.m</string>
			<key>sourceTree</key>
			<string>&lt;group&gt;</string>
		</dict>
		<key>1C1F3F321935CF3E00BD6220</key>
		<dict>
			<key>fileEncoding</key>
			<string>4</string>
			<key>isa</key>
			<string>PBXFileReference</string>
			<key>lastKnownFileType</key>
			<string>file.xib</string>
			<key>path</key>
			<string>TKPEditNameTableViewCell.xib</string>
			<key>sourceTree</key>
			<string>&lt;group&gt;</string>
		</dict>
		<key>1C1F3F331935CF3E00BD6220</key>
		<dict>
			<key>fileRef</key>
			<string>1C1F3F311935CF3E00BD6220</string>
			<key>isa</key>
			<string>PBXBuildFile</string>
		</dict>
		<key>1C1F3F341935CF3E00BD6220</key>
		<dict>
			<key>fileRef</key>
			<string>1C1F3F321935CF3E00BD6220</string>
			<key>isa</key>
			<string>PBXBuildFile</string>
		</dict>
		<key>1C1F3F351935CFDF00BD6220</key>
		<dict>
			<key>fileEncoding</key>
			<string>4</string>
			<key>isa</key>
			<string>PBXFileReference</string>
			<key>lastKnownFileType</key>
			<string>sourcecode.c.h</string>
			<key>path</key>
			<string>TKPCategoryTypeTableViewCell.h</string>
			<key>sourceTree</key>
			<string>&lt;group&gt;</string>
		</dict>
		<key>1C1F3F361935CFDF00BD6220</key>
		<dict>
			<key>fileEncoding</key>
			<string>4</string>
			<key>isa</key>
			<string>PBXFileReference</string>
			<key>lastKnownFileType</key>
			<string>sourcecode.c.objc</string>
			<key>path</key>
			<string>TKPCategoryTypeTableViewCell.m</string>
			<key>sourceTree</key>
			<string>&lt;group&gt;</string>
		</dict>
		<key>1C1F3F371935CFDF00BD6220</key>
		<dict>
			<key>fileEncoding</key>
			<string>4</string>
			<key>isa</key>
			<string>PBXFileReference</string>
			<key>lastKnownFileType</key>
			<string>file.xib</string>
			<key>path</key>
			<string>TKPCategoryTypeTableViewCell.xib</string>
			<key>sourceTree</key>
			<string>&lt;group&gt;</string>
		</dict>
		<key>1C1F3F381935CFDF00BD6220</key>
		<dict>
			<key>fileRef</key>
			<string>1C1F3F361935CFDF00BD6220</string>
			<key>isa</key>
			<string>PBXBuildFile</string>
		</dict>
		<key>1C1F3F391935CFDF00BD6220</key>
		<dict>
			<key>fileRef</key>
			<string>1C1F3F371935CFDF00BD6220</string>
			<key>isa</key>
			<string>PBXBuildFile</string>
		</dict>
		<key>1C415E3F192CBB190099FB1E</key>
		<dict>
			<key>fileEncoding</key>
			<string>4</string>
			<key>isa</key>
			<string>PBXFileReference</string>
			<key>lastKnownFileType</key>
			<string>sourcecode.c.h</string>
			<key>path</key>
			<string>UIFont+CustomFonts.h</string>
			<key>sourceTree</key>
			<string>&lt;group&gt;</string>
		</dict>
		<key>1C415E40192CBB190099FB1E</key>
		<dict>
			<key>fileEncoding</key>
			<string>4</string>
			<key>isa</key>
			<string>PBXFileReference</string>
			<key>lastKnownFileType</key>
			<string>sourcecode.c.objc</string>
			<key>path</key>
			<string>UIFont+CustomFonts.m</string>
			<key>sourceTree</key>
			<string>&lt;group&gt;</string>
		</dict>
		<key>1C415E41192CBB190099FB1E</key>
		<dict>
			<key>fileRef</key>
			<string>1C415E40192CBB190099FB1E</string>
			<key>isa</key>
			<string>PBXBuildFile</string>
		</dict>
		<key>1C56D4EC192B85B500102E7B</key>
		<dict>
			<key>fileEncoding</key>
			<string>4</string>
			<key>isa</key>
			<string>PBXFileReference</string>
			<key>lastKnownFileType</key>
			<string>file.xib</string>
			<key>path</key>
			<string>TKPCategoryTableViewCell.xib</string>
			<key>sourceTree</key>
			<string>&lt;group&gt;</string>
		</dict>
		<key>1C56D4ED192B85B500102E7B</key>
		<dict>
			<key>fileRef</key>
			<string>1C56D4EC192B85B500102E7B</string>
			<key>isa</key>
			<string>PBXBuildFile</string>
		</dict>
		<key>1C6D0DAA192CAF3200F4EFD2</key>
		<dict>
			<key>fileEncoding</key>
			<string>4</string>
			<key>isa</key>
			<string>PBXFileReference</string>
			<key>lastKnownFileType</key>
			<string>sourcecode.c.h</string>
			<key>path</key>
			<string>TKPTimeScrollView.h</string>
			<key>sourceTree</key>
			<string>&lt;group&gt;</string>
		</dict>
		<key>1C6D0DAB192CAF3200F4EFD2</key>
		<dict>
			<key>fileEncoding</key>
			<string>4</string>
			<key>isa</key>
			<string>PBXFileReference</string>
			<key>lastKnownFileType</key>
			<string>sourcecode.c.objc</string>
			<key>path</key>
			<string>TKPTimeScrollView.m</string>
			<key>sourceTree</key>
			<string>&lt;group&gt;</string>
		</dict>
		<key>1C6D0DAC192CAF3200F4EFD2</key>
		<dict>
			<key>fileRef</key>
			<string>1C6D0DAB192CAF3200F4EFD2</string>
			<key>isa</key>
			<string>PBXBuildFile</string>
		</dict>
		<key>1C6D0DAD192CAF4200F4EFD2</key>
		<dict>
			<key>fileEncoding</key>
			<string>4</string>
			<key>isa</key>
			<string>PBXFileReference</string>
			<key>lastKnownFileType</key>
			<string>file.xib</string>
			<key>path</key>
			<string>TKPTimeScrollView.xib</string>
			<key>sourceTree</key>
			<string>&lt;group&gt;</string>
		</dict>
		<key>1C6D0DAE192CAF4200F4EFD2</key>
		<dict>
			<key>fileRef</key>
			<string>1C6D0DAD192CAF4200F4EFD2</string>
			<key>isa</key>
			<string>PBXBuildFile</string>
		</dict>
		<key>1C7CBABE192C95C600878E93</key>
		<dict>
			<key>children</key>
			<array>
				<string>1C7CBABF192C95E900878E93</string>
				<string>1C7CBAC0192C95E900878E93</string>
				<string>1C415E3F192CBB190099FB1E</string>
				<string>1C415E40192CBB190099FB1E</string>
			</array>
			<key>isa</key>
			<string>PBXGroup</string>
			<key>name</key>
			<string>Design</string>
			<key>sourceTree</key>
			<string>&lt;group&gt;</string>
		</dict>
		<key>1C7CBABF192C95E900878E93</key>
		<dict>
			<key>fileEncoding</key>
			<string>4</string>
			<key>isa</key>
			<string>PBXFileReference</string>
			<key>lastKnownFileType</key>
			<string>sourcecode.c.h</string>
			<key>path</key>
			<string>UIColor+CustomColors.h</string>
			<key>sourceTree</key>
			<string>&lt;group&gt;</string>
		</dict>
		<key>1C7CBAC0192C95E900878E93</key>
		<dict>
			<key>fileEncoding</key>
			<string>4</string>
			<key>isa</key>
			<string>PBXFileReference</string>
			<key>lastKnownFileType</key>
			<string>sourcecode.c.objc</string>
			<key>path</key>
			<string>UIColor+CustomColors.m</string>
			<key>sourceTree</key>
			<string>&lt;group&gt;</string>
		</dict>
		<key>1C7CBAC1192C95E900878E93</key>
		<dict>
			<key>fileRef</key>
			<string>1C7CBAC0192C95E900878E93</string>
			<key>isa</key>
			<string>PBXBuildFile</string>
		</dict>
		<key>23BCE90BB87641699BF7DF6F</key>
		<dict>
			<key>includeInIndex</key>
			<string>1</string>
			<key>isa</key>
			<string>PBXFileReference</string>
			<key>lastKnownFileType</key>
			<string>text.xcconfig</string>
			<key>name</key>
			<string>Pods.xcconfig</string>
			<key>path</key>
			<string>Pods/Pods.xcconfig</string>
			<key>sourceTree</key>
			<string>&lt;group&gt;</string>
		</dict>
		<key>3F09C41619287FC800D08E16</key>
		<dict>
			<key>fileEncoding</key>
			<string>4</string>
			<key>isa</key>
			<string>PBXFileReference</string>
			<key>lastKnownFileType</key>
			<string>file.xib</string>
			<key>path</key>
			<string>TKPHeaderView.xib</string>
			<key>sourceTree</key>
			<string>&lt;group&gt;</string>
		</dict>
		<key>3F09C41719287FC800D08E16</key>
		<dict>
			<key>fileRef</key>
			<string>3F09C41619287FC800D08E16</string>
			<key>isa</key>
			<string>PBXBuildFile</string>
		</dict>
		<key>3F5A83E819286DE50029D3AE</key>
		<dict>
			<key>fileEncoding</key>
			<string>4</string>
			<key>isa</key>
			<string>PBXFileReference</string>
			<key>lastKnownFileType</key>
			<string>file.xib</string>
			<key>path</key>
			<string>TKPTimeView.xib</string>
			<key>sourceTree</key>
			<string>&lt;group&gt;</string>
		</dict>
		<key>3F5A83E919286DE50029D3AE</key>
		<dict>
			<key>fileRef</key>
			<string>3F5A83E819286DE50029D3AE</string>
			<key>isa</key>
			<string>PBXBuildFile</string>
		</dict>
		<key>3F85E88219279AF200275E9A</key>
		<dict>
			<key>children</key>
			<array>
				<string>3F85E89419279AF200275E9A</string>
				<string>3F85E8B319279AF200275E9A</string>
				<string>3F85E88D19279AF200275E9A</string>
				<string>3F85E88C19279AF200275E9A</string>
				<string>23BCE90BB87641699BF7DF6F</string>
			</array>
			<key>isa</key>
			<string>PBXGroup</string>
			<key>sourceTree</key>
			<string>&lt;group&gt;</string>
		</dict>
		<key>3F85E88319279AF200275E9A</key>
		<dict>
			<key>attributes</key>
			<dict>
				<key>CLASSPREFIX</key>
				<string>TKP</string>
				<key>LastUpgradeCheck</key>
				<string>0510</string>
				<key>ORGANIZATIONNAME</key>
				<string>Maria Saveleva</string>
				<key>TargetAttributes</key>
				<dict>
					<key>3F85E8AB19279AF200275E9A</key>
					<dict>
						<key>TestTargetID</key>
						<string>3F85E88A19279AF200275E9A</string>
					</dict>
				</dict>
			</dict>
			<key>buildConfigurationList</key>
			<string>3F85E88619279AF200275E9A</string>
			<key>compatibilityVersion</key>
			<string>Xcode 3.2</string>
			<key>developmentRegion</key>
			<string>English</string>
			<key>hasScannedForEncodings</key>
			<string>0</string>
			<key>isa</key>
			<string>PBXProject</string>
			<key>knownRegions</key>
			<array>
				<string>en</string>
				<string>Base</string>
			</array>
			<key>mainGroup</key>
			<string>3F85E88219279AF200275E9A</string>
			<key>productRefGroup</key>
			<string>3F85E88C19279AF200275E9A</string>
			<key>projectDirPath</key>
			<string></string>
			<key>projectReferences</key>
			<array/>
			<key>projectRoot</key>
			<string></string>
			<key>targets</key>
			<array>
				<string>3F85E88A19279AF200275E9A</string>
				<string>3F85E8AB19279AF200275E9A</string>
			</array>
		</dict>
		<key>3F85E88619279AF200275E9A</key>
		<dict>
			<key>buildConfigurations</key>
			<array>
				<string>3F85E8BB19279AF200275E9A</string>
				<string>3F85E8BC19279AF200275E9A</string>
			</array>
			<key>defaultConfigurationIsVisible</key>
			<string>0</string>
			<key>defaultConfigurationName</key>
			<string>Release</string>
			<key>isa</key>
			<string>XCConfigurationList</string>
		</dict>
		<key>3F85E88719279AF200275E9A</key>
		<dict>
			<key>buildActionMask</key>
			<string>2147483647</string>
			<key>files</key>
			<array>
				<string>3F85E8D21927AD0600275E9A</string>
				<string>3F85E89F19279AF200275E9A</string>
				<string>1C6D0DAC192CAF3200F4EFD2</string>
				<string>3F85E8CE1927A3E600275E9A</string>
				<string>1C7CBAC1192C95E900878E93</string>
				<string>3F85E8A519279AF200275E9A</string>
				<string>1C415E41192CBB190099FB1E</string>
				<string>1C1F3F331935CF3E00BD6220</string>
				<string>3F85E8CB1927A37A00275E9A</string>
				<string>1C1F3F381935CFDF00BD6220</string>
				<string>1C1F3F2F1935C56300BD6220</string>
				<string>3F85E8D61927B39C00275E9A</string>
				<string>3F85E8C51927A31400275E9A</string>
				<string>3F85E89B19279AF200275E9A</string>
			</array>
			<key>isa</key>
			<string>PBXSourcesBuildPhase</string>
			<key>runOnlyForDeploymentPostprocessing</key>
			<string>0</string>
		</dict>
		<key>3F85E88819279AF200275E9A</key>
		<dict>
			<key>buildActionMask</key>
			<string>2147483647</string>
			<key>files</key>
			<array>
				<string>3F85E89119279AF200275E9A</string>
				<string>3F85E89319279AF200275E9A</string>
				<string>3F85E88F19279AF200275E9A</string>
				<string>DA68185E6CCB49FD84A6D015</string>
			</array>
			<key>isa</key>
			<string>PBXFrameworksBuildPhase</string>
			<key>runOnlyForDeploymentPostprocessing</key>
			<string>0</string>
		</dict>
		<key>3F85E88919279AF200275E9A</key>
		<dict>
			<key>buildActionMask</key>
			<string>2147483647</string>
			<key>files</key>
			<array>
				<string>3F85E8A719279AF200275E9A</string>
				<string>1C1F3F391935CFDF00BD6220</string>
				<string>1C56D4ED192B85B500102E7B</string>
				<string>3F5A83E919286DE50029D3AE</string>
				<string>3F09C41719287FC800D08E16</string>
				<string>1C6D0DAE192CAF4200F4EFD2</string>
				<string>3F85E89919279AF200275E9A</string>
				<string>1C1F3F341935CF3E00BD6220</string>
				<string>3F85E8A219279AF200275E9A</string>
			</array>
			<key>isa</key>
			<string>PBXResourcesBuildPhase</string>
			<key>runOnlyForDeploymentPostprocessing</key>
			<string>0</string>
		</dict>
		<key>3F85E88A19279AF200275E9A</key>
		<dict>
			<key>buildConfigurationList</key>
			<string>3F85E8BD19279AF200275E9A</string>
			<key>buildPhases</key>
			<array>
				<string>F0C5D7B73203475389D9B4CB</string>
				<string>3F85E88719279AF200275E9A</string>
				<string>3F85E88819279AF200275E9A</string>
				<string>3F85E88919279AF200275E9A</string>
				<string>D0F4208CE2134AC9BBD4F7D1</string>
			</array>
			<key>buildRules</key>
			<array/>
			<key>dependencies</key>
			<array/>
			<key>isa</key>
			<string>PBXNativeTarget</string>
			<key>name</key>
			<string>TimeKeeper</string>
			<key>productName</key>
			<string>TimeKeeper</string>
			<key>productReference</key>
			<string>3F85E88B19279AF200275E9A</string>
			<key>productType</key>
			<string>com.apple.product-type.application</string>
		</dict>
		<key>3F85E88B19279AF200275E9A</key>
		<dict>
			<key>explicitFileType</key>
			<string>wrapper.application</string>
			<key>includeInIndex</key>
			<string>0</string>
			<key>isa</key>
			<string>PBXFileReference</string>
			<key>path</key>
			<string>TimeKeeper.app</string>
			<key>sourceTree</key>
			<string>BUILT_PRODUCTS_DIR</string>
		</dict>
		<key>3F85E88C19279AF200275E9A</key>
		<dict>
			<key>children</key>
			<array>
				<string>3F85E88B19279AF200275E9A</string>
				<string>3F85E8AC19279AF200275E9A</string>
			</array>
			<key>isa</key>
			<string>PBXGroup</string>
			<key>name</key>
			<string>Products</string>
			<key>sourceTree</key>
			<string>&lt;group&gt;</string>
		</dict>
		<key>3F85E88D19279AF200275E9A</key>
		<dict>
			<key>children</key>
			<array>
				<string>3F85E88E19279AF200275E9A</string>
				<string>3F85E89019279AF200275E9A</string>
				<string>3F85E89219279AF200275E9A</string>
				<string>3F85E8AD19279AF200275E9A</string>
				<string>19DEB25A7EE94D15A6DB6F7D</string>
			</array>
			<key>isa</key>
			<string>PBXGroup</string>
			<key>name</key>
			<string>Frameworks</string>
			<key>sourceTree</key>
			<string>&lt;group&gt;</string>
		</dict>
		<key>3F85E88E19279AF200275E9A</key>
		<dict>
			<key>isa</key>
			<string>PBXFileReference</string>
			<key>lastKnownFileType</key>
			<string>wrapper.framework</string>
			<key>name</key>
			<string>Foundation.framework</string>
			<key>path</key>
			<string>System/Library/Frameworks/Foundation.framework</string>
			<key>sourceTree</key>
			<string>SDKROOT</string>
		</dict>
		<key>3F85E88F19279AF200275E9A</key>
		<dict>
			<key>fileRef</key>
			<string>3F85E88E19279AF200275E9A</string>
			<key>isa</key>
			<string>PBXBuildFile</string>
		</dict>
		<key>3F85E89019279AF200275E9A</key>
		<dict>
			<key>isa</key>
			<string>PBXFileReference</string>
			<key>lastKnownFileType</key>
			<string>wrapper.framework</string>
			<key>name</key>
			<string>CoreGraphics.framework</string>
			<key>path</key>
			<string>System/Library/Frameworks/CoreGraphics.framework</string>
			<key>sourceTree</key>
			<string>SDKROOT</string>
		</dict>
		<key>3F85E89119279AF200275E9A</key>
		<dict>
			<key>fileRef</key>
			<string>3F85E89019279AF200275E9A</string>
			<key>isa</key>
			<string>PBXBuildFile</string>
		</dict>
		<key>3F85E89219279AF200275E9A</key>
		<dict>
			<key>isa</key>
			<string>PBXFileReference</string>
			<key>lastKnownFileType</key>
			<string>wrapper.framework</string>
			<key>name</key>
			<string>UIKit.framework</string>
			<key>path</key>
			<string>System/Library/Frameworks/UIKit.framework</string>
			<key>sourceTree</key>
			<string>SDKROOT</string>
		</dict>
		<key>3F85E89319279AF200275E9A</key>
		<dict>
			<key>fileRef</key>
			<string>3F85E89219279AF200275E9A</string>
			<key>isa</key>
			<string>PBXBuildFile</string>
		</dict>
		<key>3F85E89419279AF200275E9A</key>
		<dict>
			<key>children</key>
			<array>
				<string>1C7CBABE192C95C600878E93</string>
				<string>3F85E8D31927B38800275E9A</string>
				<string>3F85E8CF1927ACF300275E9A</string>
				<string>3F85E8C81927A35A00275E9A</string>
				<string>3F85E8C71927A35500275E9A</string>
				<string>3F85E8C61927A34F00275E9A</string>
				<string>3F85E89D19279AF200275E9A</string>
				<string>3F85E89E19279AF200275E9A</string>
				<string>3F85E8A619279AF200275E9A</string>
				<string>3F85E89519279AF200275E9A</string>
			</array>
			<key>isa</key>
			<string>PBXGroup</string>
			<key>path</key>
			<string>TimeKeeper</string>
			<key>sourceTree</key>
			<string>&lt;group&gt;</string>
		</dict>
		<key>3F85E89519279AF200275E9A</key>
		<dict>
			<key>children</key>
			<array>
				<string>3F85E89619279AF200275E9A</string>
				<string>3F85E89719279AF200275E9A</string>
				<string>3F85E89A19279AF200275E9A</string>
				<string>3F85E89C19279AF200275E9A</string>
			</array>
			<key>isa</key>
			<string>PBXGroup</string>
			<key>name</key>
			<string>Supporting Files</string>
			<key>sourceTree</key>
			<string>&lt;group&gt;</string>
		</dict>
		<key>3F85E89619279AF200275E9A</key>
		<dict>
			<key>isa</key>
			<string>PBXFileReference</string>
			<key>lastKnownFileType</key>
			<string>text.plist.xml</string>
			<key>path</key>
			<string>TimeKeeper-Info.plist</string>
			<key>sourceTree</key>
			<string>&lt;group&gt;</string>
		</dict>
		<key>3F85E89719279AF200275E9A</key>
		<dict>
			<key>children</key>
			<array>
				<string>3F85E89819279AF200275E9A</string>
			</array>
			<key>isa</key>
			<string>PBXVariantGroup</string>
			<key>name</key>
			<string>InfoPlist.strings</string>
			<key>sourceTree</key>
			<string>&lt;group&gt;</string>
		</dict>
		<key>3F85E89819279AF200275E9A</key>
		<dict>
			<key>isa</key>
			<string>PBXFileReference</string>
			<key>lastKnownFileType</key>
			<string>text.plist.strings</string>
			<key>name</key>
			<string>en</string>
			<key>path</key>
			<string>en.lproj/InfoPlist.strings</string>
			<key>sourceTree</key>
			<string>&lt;group&gt;</string>
		</dict>
		<key>3F85E89919279AF200275E9A</key>
		<dict>
			<key>fileRef</key>
			<string>3F85E89719279AF200275E9A</string>
			<key>isa</key>
			<string>PBXBuildFile</string>
		</dict>
		<key>3F85E89A19279AF200275E9A</key>
		<dict>
			<key>isa</key>
			<string>PBXFileReference</string>
			<key>lastKnownFileType</key>
			<string>sourcecode.c.objc</string>
			<key>path</key>
			<string>main.m</string>
			<key>sourceTree</key>
			<string>&lt;group&gt;</string>
		</dict>
		<key>3F85E89B19279AF200275E9A</key>
		<dict>
			<key>fileRef</key>
			<string>3F85E89A19279AF200275E9A</string>
			<key>isa</key>
			<string>PBXBuildFile</string>
		</dict>
		<key>3F85E89C19279AF200275E9A</key>
		<dict>
			<key>isa</key>
			<string>PBXFileReference</string>
			<key>lastKnownFileType</key>
			<string>sourcecode.c.h</string>
			<key>path</key>
			<string>TimeKeeper-Prefix.pch</string>
			<key>sourceTree</key>
			<string>&lt;group&gt;</string>
		</dict>
		<key>3F85E89D19279AF200275E9A</key>
		<dict>
			<key>isa</key>
			<string>PBXFileReference</string>
			<key>lastKnownFileType</key>
			<string>sourcecode.c.h</string>
			<key>path</key>
			<string>TKPAppDelegate.h</string>
			<key>sourceTree</key>
			<string>&lt;group&gt;</string>
		</dict>
		<key>3F85E89E19279AF200275E9A</key>
		<dict>
			<key>isa</key>
			<string>PBXFileReference</string>
			<key>lastKnownFileType</key>
			<string>sourcecode.c.objc</string>
			<key>path</key>
			<string>TKPAppDelegate.m</string>
			<key>sourceTree</key>
			<string>&lt;group&gt;</string>
		</dict>
		<key>3F85E89F19279AF200275E9A</key>
		<dict>
			<key>fileRef</key>
			<string>3F85E89E19279AF200275E9A</string>
			<key>isa</key>
			<string>PBXBuildFile</string>
		</dict>
		<key>3F85E8A019279AF200275E9A</key>
		<dict>
			<key>children</key>
			<array>
				<string>3F85E8A119279AF200275E9A</string>
			</array>
			<key>isa</key>
			<string>PBXVariantGroup</string>
			<key>name</key>
			<string>Main.storyboard</string>
			<key>sourceTree</key>
			<string>&lt;group&gt;</string>
		</dict>
		<key>3F85E8A119279AF200275E9A</key>
		<dict>
			<key>isa</key>
			<string>PBXFileReference</string>
			<key>lastKnownFileType</key>
			<string>file.storyboard</string>
			<key>name</key>
			<string>Base</string>
			<key>path</key>
			<string>Base.lproj/Main.storyboard</string>
			<key>sourceTree</key>
			<string>&lt;group&gt;</string>
		</dict>
		<key>3F85E8A219279AF200275E9A</key>
		<dict>
			<key>fileRef</key>
			<string>3F85E8A019279AF200275E9A</string>
			<key>isa</key>
			<string>PBXBuildFile</string>
		</dict>
		<key>3F85E8A319279AF200275E9A</key>
		<dict>
			<key>isa</key>
			<string>PBXFileReference</string>
			<key>lastKnownFileType</key>
			<string>sourcecode.c.h</string>
			<key>path</key>
			<string>TKPMainViewController.h</string>
			<key>sourceTree</key>
			<string>&lt;group&gt;</string>
		</dict>
		<key>3F85E8A419279AF200275E9A</key>
		<dict>
			<key>isa</key>
			<string>PBXFileReference</string>
			<key>lastKnownFileType</key>
			<string>sourcecode.c.objc</string>
			<key>path</key>
			<string>TKPMainViewController.m</string>
			<key>sourceTree</key>
			<string>&lt;group&gt;</string>
		</dict>
		<key>3F85E8A519279AF200275E9A</key>
		<dict>
			<key>fileRef</key>
			<string>3F85E8A419279AF200275E9A</string>
			<key>isa</key>
			<string>PBXBuildFile</string>
		</dict>
		<key>3F85E8A619279AF200275E9A</key>
		<dict>
			<key>isa</key>
			<string>PBXFileReference</string>
			<key>lastKnownFileType</key>
			<string>folder.assetcatalog</string>
			<key>path</key>
			<string>Images.xcassets</string>
			<key>sourceTree</key>
			<string>&lt;group&gt;</string>
		</dict>
		<key>3F85E8A719279AF200275E9A</key>
		<dict>
			<key>fileRef</key>
			<string>3F85E8A619279AF200275E9A</string>
			<key>isa</key>
			<string>PBXBuildFile</string>
		</dict>
		<key>3F85E8A819279AF200275E9A</key>
		<dict>
			<key>buildActionMask</key>
			<string>2147483647</string>
			<key>files</key>
			<array>
				<string>3F85E8BA19279AF200275E9A</string>
			</array>
			<key>isa</key>
			<string>PBXSourcesBuildPhase</string>
			<key>runOnlyForDeploymentPostprocessing</key>
			<string>0</string>
		</dict>
		<key>3F85E8A919279AF200275E9A</key>
		<dict>
			<key>buildActionMask</key>
			<string>2147483647</string>
			<key>files</key>
			<array>
				<string>3F85E8AE19279AF200275E9A</string>
				<string>3F85E8B019279AF200275E9A</string>
				<string>3F85E8AF19279AF200275E9A</string>
			</array>
			<key>isa</key>
			<string>PBXFrameworksBuildPhase</string>
			<key>runOnlyForDeploymentPostprocessing</key>
			<string>0</string>
		</dict>
		<key>3F85E8AA19279AF200275E9A</key>
		<dict>
			<key>buildActionMask</key>
			<string>2147483647</string>
			<key>files</key>
			<array>
				<string>3F85E8B819279AF200275E9A</string>
			</array>
			<key>isa</key>
			<string>PBXResourcesBuildPhase</string>
			<key>runOnlyForDeploymentPostprocessing</key>
			<string>0</string>
		</dict>
		<key>3F85E8AB19279AF200275E9A</key>
		<dict>
			<key>buildConfigurationList</key>
			<string>3F85E8C019279AF200275E9A</string>
			<key>buildPhases</key>
			<array>
				<string>3F85E8A819279AF200275E9A</string>
				<string>3F85E8A919279AF200275E9A</string>
				<string>3F85E8AA19279AF200275E9A</string>
			</array>
			<key>buildRules</key>
			<array/>
			<key>dependencies</key>
			<array>
				<string>3F85E8B219279AF200275E9A</string>
			</array>
			<key>isa</key>
			<string>PBXNativeTarget</string>
			<key>name</key>
			<string>TimeKeeperTests</string>
			<key>productName</key>
			<string>TimeKeeperTests</string>
			<key>productReference</key>
			<string>3F85E8AC19279AF200275E9A</string>
			<key>productType</key>
			<string>com.apple.product-type.bundle.unit-test</string>
		</dict>
		<key>3F85E8AC19279AF200275E9A</key>
		<dict>
			<key>explicitFileType</key>
			<string>wrapper.cfbundle</string>
			<key>includeInIndex</key>
			<string>0</string>
			<key>isa</key>
			<string>PBXFileReference</string>
			<key>path</key>
			<string>TimeKeeperTests.xctest</string>
			<key>sourceTree</key>
			<string>BUILT_PRODUCTS_DIR</string>
		</dict>
		<key>3F85E8AD19279AF200275E9A</key>
		<dict>
			<key>isa</key>
			<string>PBXFileReference</string>
			<key>lastKnownFileType</key>
			<string>wrapper.framework</string>
			<key>name</key>
			<string>XCTest.framework</string>
			<key>path</key>
			<string>Library/Frameworks/XCTest.framework</string>
			<key>sourceTree</key>
			<string>DEVELOPER_DIR</string>
		</dict>
		<key>3F85E8AE19279AF200275E9A</key>
		<dict>
			<key>fileRef</key>
			<string>3F85E8AD19279AF200275E9A</string>
			<key>isa</key>
			<string>PBXBuildFile</string>
		</dict>
		<key>3F85E8AF19279AF200275E9A</key>
		<dict>
			<key>fileRef</key>
			<string>3F85E88E19279AF200275E9A</string>
			<key>isa</key>
			<string>PBXBuildFile</string>
		</dict>
		<key>3F85E8B019279AF200275E9A</key>
		<dict>
			<key>fileRef</key>
			<string>3F85E89219279AF200275E9A</string>
			<key>isa</key>
			<string>PBXBuildFile</string>
		</dict>
		<key>3F85E8B119279AF200275E9A</key>
		<dict>
			<key>containerPortal</key>
			<string>3F85E88319279AF200275E9A</string>
			<key>isa</key>
			<string>PBXContainerItemProxy</string>
			<key>proxyType</key>
			<string>1</string>
			<key>remoteGlobalIDString</key>
			<string>3F85E88A19279AF200275E9A</string>
			<key>remoteInfo</key>
			<string>TimeKeeper</string>
		</dict>
		<key>3F85E8B219279AF200275E9A</key>
		<dict>
			<key>isa</key>
			<string>PBXTargetDependency</string>
			<key>target</key>
			<string>3F85E88A19279AF200275E9A</string>
			<key>targetProxy</key>
			<string>3F85E8B119279AF200275E9A</string>
		</dict>
		<key>3F85E8B319279AF200275E9A</key>
		<dict>
			<key>children</key>
			<array>
				<string>3F85E8B919279AF200275E9A</string>
				<string>3F85E8B419279AF200275E9A</string>
			</array>
			<key>isa</key>
			<string>PBXGroup</string>
			<key>path</key>
			<string>TimeKeeperTests</string>
			<key>sourceTree</key>
			<string>&lt;group&gt;</string>
		</dict>
		<key>3F85E8B419279AF200275E9A</key>
		<dict>
			<key>children</key>
			<array>
				<string>3F85E8B519279AF200275E9A</string>
				<string>3F85E8B619279AF200275E9A</string>
			</array>
			<key>isa</key>
			<string>PBXGroup</string>
			<key>name</key>
			<string>Supporting Files</string>
			<key>sourceTree</key>
			<string>&lt;group&gt;</string>
		</dict>
		<key>3F85E8B519279AF200275E9A</key>
		<dict>
			<key>isa</key>
			<string>PBXFileReference</string>
			<key>lastKnownFileType</key>
			<string>text.plist.xml</string>
			<key>path</key>
			<string>TimeKeeperTests-Info.plist</string>
			<key>sourceTree</key>
			<string>&lt;group&gt;</string>
		</dict>
		<key>3F85E8B619279AF200275E9A</key>
		<dict>
			<key>children</key>
			<array>
				<string>3F85E8B719279AF200275E9A</string>
			</array>
			<key>isa</key>
			<string>PBXVariantGroup</string>
			<key>name</key>
			<string>InfoPlist.strings</string>
			<key>sourceTree</key>
			<string>&lt;group&gt;</string>
		</dict>
		<key>3F85E8B719279AF200275E9A</key>
		<dict>
			<key>isa</key>
			<string>PBXFileReference</string>
			<key>lastKnownFileType</key>
			<string>text.plist.strings</string>
			<key>name</key>
			<string>en</string>
			<key>path</key>
			<string>en.lproj/InfoPlist.strings</string>
			<key>sourceTree</key>
			<string>&lt;group&gt;</string>
		</dict>
		<key>3F85E8B819279AF200275E9A</key>
		<dict>
			<key>fileRef</key>
			<string>3F85E8B619279AF200275E9A</string>
			<key>isa</key>
			<string>PBXBuildFile</string>
		</dict>
		<key>3F85E8B919279AF200275E9A</key>
		<dict>
			<key>isa</key>
			<string>PBXFileReference</string>
			<key>lastKnownFileType</key>
			<string>sourcecode.c.objc</string>
			<key>path</key>
			<string>TimeKeeperTests.m</string>
			<key>sourceTree</key>
			<string>&lt;group&gt;</string>
		</dict>
		<key>3F85E8BA19279AF200275E9A</key>
		<dict>
			<key>fileRef</key>
			<string>3F85E8B919279AF200275E9A</string>
			<key>isa</key>
			<string>PBXBuildFile</string>
		</dict>
		<key>3F85E8BB19279AF200275E9A</key>
		<dict>
			<key>buildSettings</key>
			<dict>
				<key>ALWAYS_SEARCH_USER_PATHS</key>
				<string>NO</string>
				<key>CLANG_CXX_LANGUAGE_STANDARD</key>
				<string>gnu++0x</string>
				<key>CLANG_CXX_LIBRARY</key>
				<string>libc++</string>
				<key>CLANG_ENABLE_MODULES</key>
				<string>YES</string>
				<key>CLANG_ENABLE_OBJC_ARC</key>
				<string>YES</string>
				<key>CLANG_WARN_BOOL_CONVERSION</key>
				<string>YES</string>
				<key>CLANG_WARN_CONSTANT_CONVERSION</key>
				<string>YES</string>
				<key>CLANG_WARN_DIRECT_OBJC_ISA_USAGE</key>
				<string>YES_ERROR</string>
				<key>CLANG_WARN_EMPTY_BODY</key>
				<string>YES</string>
				<key>CLANG_WARN_ENUM_CONVERSION</key>
				<string>YES</string>
				<key>CLANG_WARN_INT_CONVERSION</key>
				<string>YES</string>
				<key>CLANG_WARN_OBJC_ROOT_CLASS</key>
				<string>YES_ERROR</string>
				<key>CLANG_WARN__DUPLICATE_METHOD_MATCH</key>
				<string>YES</string>
				<key>CODE_SIGN_IDENTITY[sdk=iphoneos*]</key>
				<string>iPhone Developer</string>
				<key>COPY_PHASE_STRIP</key>
				<string>NO</string>
				<key>GCC_C_LANGUAGE_STANDARD</key>
				<string>gnu99</string>
				<key>GCC_DYNAMIC_NO_PIC</key>
				<string>NO</string>
				<key>GCC_OPTIMIZATION_LEVEL</key>
				<string>0</string>
				<key>GCC_PREPROCESSOR_DEFINITIONS</key>
				<array>
					<string>DEBUG=1</string>
					<string>$(inherited)</string>
				</array>
				<key>GCC_SYMBOLS_PRIVATE_EXTERN</key>
				<string>NO</string>
				<key>GCC_WARN_64_TO_32_BIT_CONVERSION</key>
				<string>YES</string>
				<key>GCC_WARN_ABOUT_RETURN_TYPE</key>
				<string>YES_ERROR</string>
				<key>GCC_WARN_UNDECLARED_SELECTOR</key>
				<string>YES</string>
				<key>GCC_WARN_UNINITIALIZED_AUTOS</key>
				<string>YES_AGGRESSIVE</string>
				<key>GCC_WARN_UNUSED_FUNCTION</key>
				<string>YES</string>
				<key>GCC_WARN_UNUSED_VARIABLE</key>
				<string>YES</string>
				<key>IPHONEOS_DEPLOYMENT_TARGET</key>
				<string>7.1</string>
				<key>ONLY_ACTIVE_ARCH</key>
				<string>YES</string>
				<key>SDKROOT</key>
				<string>iphoneos</string>
			</dict>
			<key>isa</key>
			<string>XCBuildConfiguration</string>
			<key>name</key>
			<string>Debug</string>
		</dict>
		<key>3F85E8BC19279AF200275E9A</key>
		<dict>
			<key>buildSettings</key>
			<dict>
				<key>ALWAYS_SEARCH_USER_PATHS</key>
				<string>NO</string>
				<key>CLANG_CXX_LANGUAGE_STANDARD</key>
				<string>gnu++0x</string>
				<key>CLANG_CXX_LIBRARY</key>
				<string>libc++</string>
				<key>CLANG_ENABLE_MODULES</key>
				<string>YES</string>
				<key>CLANG_ENABLE_OBJC_ARC</key>
				<string>YES</string>
				<key>CLANG_WARN_BOOL_CONVERSION</key>
				<string>YES</string>
				<key>CLANG_WARN_CONSTANT_CONVERSION</key>
				<string>YES</string>
				<key>CLANG_WARN_DIRECT_OBJC_ISA_USAGE</key>
				<string>YES_ERROR</string>
				<key>CLANG_WARN_EMPTY_BODY</key>
				<string>YES</string>
				<key>CLANG_WARN_ENUM_CONVERSION</key>
				<string>YES</string>
				<key>CLANG_WARN_INT_CONVERSION</key>
				<string>YES</string>
				<key>CLANG_WARN_OBJC_ROOT_CLASS</key>
				<string>YES_ERROR</string>
				<key>CLANG_WARN__DUPLICATE_METHOD_MATCH</key>
				<string>YES</string>
				<key>CODE_SIGN_IDENTITY[sdk=iphoneos*]</key>
				<string>iPhone Developer</string>
				<key>COPY_PHASE_STRIP</key>
				<string>YES</string>
				<key>ENABLE_NS_ASSERTIONS</key>
				<string>NO</string>
				<key>GCC_C_LANGUAGE_STANDARD</key>
				<string>gnu99</string>
				<key>GCC_WARN_64_TO_32_BIT_CONVERSION</key>
				<string>YES</string>
				<key>GCC_WARN_ABOUT_RETURN_TYPE</key>
				<string>YES_ERROR</string>
				<key>GCC_WARN_UNDECLARED_SELECTOR</key>
				<string>YES</string>
				<key>GCC_WARN_UNINITIALIZED_AUTOS</key>
				<string>YES_AGGRESSIVE</string>
				<key>GCC_WARN_UNUSED_FUNCTION</key>
				<string>YES</string>
				<key>GCC_WARN_UNUSED_VARIABLE</key>
				<string>YES</string>
				<key>IPHONEOS_DEPLOYMENT_TARGET</key>
				<string>7.1</string>
				<key>SDKROOT</key>
				<string>iphoneos</string>
				<key>VALIDATE_PRODUCT</key>
				<string>YES</string>
			</dict>
			<key>isa</key>
			<string>XCBuildConfiguration</string>
			<key>name</key>
			<string>Release</string>
		</dict>
		<key>3F85E8BD19279AF200275E9A</key>
		<dict>
			<key>buildConfigurations</key>
			<array>
				<string>3F85E8BE19279AF200275E9A</string>
				<string>3F85E8BF19279AF200275E9A</string>
			</array>
			<key>defaultConfigurationIsVisible</key>
			<string>0</string>
			<key>defaultConfigurationName</key>
			<string>Release</string>
			<key>isa</key>
			<string>XCConfigurationList</string>
		</dict>
		<key>3F85E8BE19279AF200275E9A</key>
		<dict>
			<key>baseConfigurationReference</key>
			<string>23BCE90BB87641699BF7DF6F</string>
			<key>buildSettings</key>
			<dict>
				<key>ASSETCATALOG_COMPILER_APPICON_NAME</key>
				<string>AppIcon</string>
				<key>ASSETCATALOG_COMPILER_LAUNCHIMAGE_NAME</key>
				<string>LaunchImage</string>
				<key>GCC_PRECOMPILE_PREFIX_HEADER</key>
				<string>YES</string>
				<key>GCC_PREFIX_HEADER</key>
				<string>TimeKeeper/TimeKeeper-Prefix.pch</string>
				<key>INFOPLIST_FILE</key>
				<string>TimeKeeper/TimeKeeper-Info.plist</string>
				<key>PRODUCT_NAME</key>
				<string>$(TARGET_NAME)</string>
				<key>WRAPPER_EXTENSION</key>
				<string>app</string>
			</dict>
			<key>isa</key>
			<string>XCBuildConfiguration</string>
			<key>name</key>
			<string>Debug</string>
		</dict>
		<key>3F85E8BF19279AF200275E9A</key>
		<dict>
			<key>baseConfigurationReference</key>
			<string>23BCE90BB87641699BF7DF6F</string>
			<key>buildSettings</key>
			<dict>
				<key>ASSETCATALOG_COMPILER_APPICON_NAME</key>
				<string>AppIcon</string>
				<key>ASSETCATALOG_COMPILER_LAUNCHIMAGE_NAME</key>
				<string>LaunchImage</string>
				<key>GCC_PRECOMPILE_PREFIX_HEADER</key>
				<string>YES</string>
				<key>GCC_PREFIX_HEADER</key>
				<string>TimeKeeper/TimeKeeper-Prefix.pch</string>
				<key>INFOPLIST_FILE</key>
				<string>TimeKeeper/TimeKeeper-Info.plist</string>
				<key>PRODUCT_NAME</key>
				<string>$(TARGET_NAME)</string>
				<key>WRAPPER_EXTENSION</key>
				<string>app</string>
			</dict>
			<key>isa</key>
			<string>XCBuildConfiguration</string>
			<key>name</key>
			<string>Release</string>
		</dict>
		<key>3F85E8C019279AF200275E9A</key>
		<dict>
			<key>buildConfigurations</key>
			<array>
				<string>3F85E8C119279AF200275E9A</string>
				<string>3F85E8C219279AF200275E9A</string>
			</array>
			<key>defaultConfigurationIsVisible</key>
			<string>0</string>
			<key>defaultConfigurationName</key>
			<string>Release</string>
			<key>isa</key>
			<string>XCConfigurationList</string>
		</dict>
		<key>3F85E8C119279AF200275E9A</key>
		<dict>
			<key>buildSettings</key>
			<dict>
				<key>BUNDLE_LOADER</key>
				<string>$(BUILT_PRODUCTS_DIR)/TimeKeeper.app/TimeKeeper</string>
				<key>FRAMEWORK_SEARCH_PATHS</key>
				<array>
					<string>$(SDKROOT)/Developer/Library/Frameworks</string>
					<string>$(inherited)</string>
					<string>$(DEVELOPER_FRAMEWORKS_DIR)</string>
				</array>
				<key>GCC_PRECOMPILE_PREFIX_HEADER</key>
				<string>YES</string>
				<key>GCC_PREFIX_HEADER</key>
				<string>TimeKeeper/TimeKeeper-Prefix.pch</string>
				<key>GCC_PREPROCESSOR_DEFINITIONS</key>
				<array>
					<string>DEBUG=1</string>
					<string>$(inherited)</string>
				</array>
				<key>INFOPLIST_FILE</key>
				<string>TimeKeeperTests/TimeKeeperTests-Info.plist</string>
				<key>PRODUCT_NAME</key>
				<string>$(TARGET_NAME)</string>
				<key>TEST_HOST</key>
				<string>$(BUNDLE_LOADER)</string>
				<key>WRAPPER_EXTENSION</key>
				<string>xctest</string>
			</dict>
			<key>isa</key>
			<string>XCBuildConfiguration</string>
			<key>name</key>
			<string>Debug</string>
		</dict>
		<key>3F85E8C219279AF200275E9A</key>
		<dict>
			<key>buildSettings</key>
			<dict>
				<key>BUNDLE_LOADER</key>
				<string>$(BUILT_PRODUCTS_DIR)/TimeKeeper.app/TimeKeeper</string>
				<key>FRAMEWORK_SEARCH_PATHS</key>
				<array>
					<string>$(SDKROOT)/Developer/Library/Frameworks</string>
					<string>$(inherited)</string>
					<string>$(DEVELOPER_FRAMEWORKS_DIR)</string>
				</array>
				<key>GCC_PRECOMPILE_PREFIX_HEADER</key>
				<string>YES</string>
				<key>GCC_PREFIX_HEADER</key>
				<string>TimeKeeper/TimeKeeper-Prefix.pch</string>
				<key>INFOPLIST_FILE</key>
				<string>TimeKeeperTests/TimeKeeperTests-Info.plist</string>
				<key>PRODUCT_NAME</key>
				<string>$(TARGET_NAME)</string>
				<key>TEST_HOST</key>
				<string>$(BUNDLE_LOADER)</string>
				<key>WRAPPER_EXTENSION</key>
				<string>xctest</string>
			</dict>
			<key>isa</key>
			<string>XCBuildConfiguration</string>
			<key>name</key>
			<string>Release</string>
		</dict>
		<key>3F85E8C31927A31400275E9A</key>
		<dict>
			<key>fileEncoding</key>
			<string>4</string>
			<key>isa</key>
			<string>PBXFileReference</string>
			<key>lastKnownFileType</key>
			<string>sourcecode.c.h</string>
			<key>path</key>
			<string>TKPEditViewController.h</string>
			<key>sourceTree</key>
			<string>&lt;group&gt;</string>
		</dict>
		<key>3F85E8C41927A31400275E9A</key>
		<dict>
			<key>fileEncoding</key>
			<string>4</string>
			<key>isa</key>
			<string>PBXFileReference</string>
			<key>lastKnownFileType</key>
			<string>sourcecode.c.objc</string>
			<key>path</key>
			<string>TKPEditViewController.m</string>
			<key>sourceTree</key>
			<string>&lt;group&gt;</string>
		</dict>
		<key>3F85E8C51927A31400275E9A</key>
		<dict>
			<key>fileRef</key>
			<string>3F85E8C41927A31400275E9A</string>
			<key>isa</key>
			<string>PBXBuildFile</string>
		</dict>
		<key>3F85E8C61927A34F00275E9A</key>
		<dict>
			<key>children</key>
			<array>
				<string>1C1F3F2D1935C56300BD6220</string>
				<string>1C1F3F2E1935C56300BD6220</string>
				<string>3F85E8A319279AF200275E9A</string>
				<string>3F85E8A419279AF200275E9A</string>
				<string>3F85E8C31927A31400275E9A</string>
				<string>3F85E8C41927A31400275E9A</string>
			</array>
			<key>isa</key>
			<string>PBXGroup</string>
			<key>name</key>
			<string>ViewControllers</string>
			<key>sourceTree</key>
			<string>&lt;group&gt;</string>
		</dict>
		<key>3F85E8C71927A35500275E9A</key>
		<dict>
			<key>children</key>
			<array>
				<string>3F85E8C91927A37A00275E9A</string>
				<string>3F85E8CA1927A37A00275E9A</string>
				<string>3F5A83E819286DE50029D3AE</string>
				<string>3F85E8CC1927A3E600275E9A</string>
				<string>3F85E8CD1927A3E600275E9A</string>
				<string>3F09C41619287FC800D08E16</string>
				<string>1C6D0DAA192CAF3200F4EFD2</string>
				<string>1C6D0DAB192CAF3200F4EFD2</string>
				<string>1C6D0DAD192CAF4200F4EFD2</string>
			</array>
			<key>isa</key>
			<string>PBXGroup</string>
			<key>name</key>
			<string>Views</string>
			<key>sourceTree</key>
			<string>&lt;group&gt;</string>
		</dict>
		<key>3F85E8C81927A35A00275E9A</key>
		<dict>
			<key>children</key>
			<array>
				<string>3F85E8A019279AF200275E9A</string>
			</array>
			<key>isa</key>
			<string>PBXGroup</string>
			<key>name</key>
			<string>IBs</string>
			<key>sourceTree</key>
			<string>&lt;group&gt;</string>
		</dict>
		<key>3F85E8C91927A37A00275E9A</key>
		<dict>
			<key>fileEncoding</key>
			<string>4</string>
			<key>isa</key>
			<string>PBXFileReference</string>
			<key>lastKnownFileType</key>
			<string>sourcecode.c.h</string>
			<key>path</key>
			<string>TKPTimeView.h</string>
			<key>sourceTree</key>
			<string>&lt;group&gt;</string>
		</dict>
		<key>3F85E8CA1927A37A00275E9A</key>
		<dict>
			<key>fileEncoding</key>
			<string>4</string>
			<key>isa</key>
			<string>PBXFileReference</string>
			<key>lastKnownFileType</key>
			<string>sourcecode.c.objc</string>
			<key>path</key>
			<string>TKPTimeView.m</string>
			<key>sourceTree</key>
			<string>&lt;group&gt;</string>
		</dict>
		<key>3F85E8CB1927A37A00275E9A</key>
		<dict>
			<key>fileRef</key>
			<string>3F85E8CA1927A37A00275E9A</string>
			<key>isa</key>
			<string>PBXBuildFile</string>
		</dict>
		<key>3F85E8CC1927A3E600275E9A</key>
		<dict>
			<key>fileEncoding</key>
			<string>4</string>
			<key>isa</key>
			<string>PBXFileReference</string>
			<key>lastKnownFileType</key>
			<string>sourcecode.c.h</string>
			<key>path</key>
			<string>TKPHeaderView.h</string>
			<key>sourceTree</key>
			<string>&lt;group&gt;</string>
		</dict>
		<key>3F85E8CD1927A3E600275E9A</key>
		<dict>
			<key>fileEncoding</key>
			<string>4</string>
			<key>isa</key>
			<string>PBXFileReference</string>
			<key>lastKnownFileType</key>
			<string>sourcecode.c.objc</string>
			<key>path</key>
			<string>TKPHeaderView.m</string>
			<key>sourceTree</key>
			<string>&lt;group&gt;</string>
		</dict>
		<key>3F85E8CE1927A3E600275E9A</key>
		<dict>
			<key>fileRef</key>
			<string>3F85E8CD1927A3E600275E9A</string>
			<key>isa</key>
			<string>PBXBuildFile</string>
		</dict>
		<key>3F85E8CF1927ACF300275E9A</key>
		<dict>
			<key>children</key>
			<array>
				<string>3F85E8D01927AD0600275E9A</string>
				<string>3F85E8D11927AD0600275E9A</string>
			</array>
			<key>isa</key>
			<string>PBXGroup</string>
			<key>name</key>
			<string>Model</string>
			<key>sourceTree</key>
			<string>&lt;group&gt;</string>
		</dict>
		<key>3F85E8D01927AD0600275E9A</key>
		<dict>
			<key>fileEncoding</key>
			<string>4</string>
			<key>isa</key>
			<string>PBXFileReference</string>
			<key>lastKnownFileType</key>
			<string>sourcecode.c.h</string>
			<key>path</key>
			<string>TKPCategory.h</string>
			<key>sourceTree</key>
			<string>&lt;group&gt;</string>
		</dict>
		<key>3F85E8D11927AD0600275E9A</key>
		<dict>
			<key>fileEncoding</key>
			<string>4</string>
			<key>isa</key>
			<string>PBXFileReference</string>
			<key>lastKnownFileType</key>
			<string>sourcecode.c.objc</string>
			<key>path</key>
			<string>TKPCategory.m</string>
			<key>sourceTree</key>
			<string>&lt;group&gt;</string>
		</dict>
		<key>3F85E8D21927AD0600275E9A</key>
		<dict>
			<key>fileRef</key>
			<string>3F85E8D11927AD0600275E9A</string>
			<key>isa</key>
			<string>PBXBuildFile</string>
		</dict>
		<key>3F85E8D31927B38800275E9A</key>
		<dict>
			<key>children</key>
			<array>
				<string>3F85E8D41927B39C00275E9A</string>
				<string>3F85E8D51927B39C00275E9A</string>
				<string>1C56D4EC192B85B500102E7B</string>
				<string>1C1F3F301935CF3E00BD6220</string>
				<string>1C1F3F311935CF3E00BD6220</string>
				<string>1C1F3F321935CF3E00BD6220</string>
				<string>1C1F3F351935CFDF00BD6220</string>
				<string>1C1F3F361935CFDF00BD6220</string>
				<string>1C1F3F371935CFDF00BD6220</string>
			</array>
			<key>isa</key>
			<string>PBXGroup</string>
			<key>name</key>
			<string>Cells</string>
			<key>sourceTree</key>
			<string>&lt;group&gt;</string>
		</dict>
		<key>3F85E8D41927B39C00275E9A</key>
		<dict>
			<key>fileEncoding</key>
			<string>4</string>
			<key>isa</key>
			<string>PBXFileReference</string>
			<key>lastKnownFileType</key>
			<string>sourcecode.c.h</string>
			<key>path</key>
			<string>TKPCategoryTableViewCell.h</string>
			<key>sourceTree</key>
			<string>&lt;group&gt;</string>
		</dict>
		<key>3F85E8D51927B39C00275E9A</key>
		<dict>
			<key>fileEncoding</key>
			<string>4</string>
			<key>isa</key>
			<string>PBXFileReference</string>
			<key>lastKnownFileType</key>
			<string>sourcecode.c.objc</string>
			<key>path</key>
			<string>TKPCategoryTableViewCell.m</string>
			<key>sourceTree</key>
			<string>&lt;group&gt;</string>
		</dict>
		<key>3F85E8D61927B39C00275E9A</key>
		<dict>
			<key>fileRef</key>
			<string>3F85E8D51927B39C00275E9A</string>
			<key>isa</key>
			<string>PBXBuildFile</string>
		</dict>
		<key>D0F4208CE2134AC9BBD4F7D1</key>
		<dict>
			<key>buildActionMask</key>
			<string>2147483647</string>
			<key>files</key>
			<array/>
			<key>inputPaths</key>
			<array/>
			<key>isa</key>
			<string>PBXShellScriptBuildPhase</string>
			<key>name</key>
			<string>Copy Pods Resources</string>
			<key>outputPaths</key>
			<array/>
			<key>runOnlyForDeploymentPostprocessing</key>
			<string>0</string>
			<key>shellPath</key>
			<string>/bin/sh</string>
			<key>shellScript</key>
			<string>"${SRCROOT}/Pods/Pods-resources.sh"
</string>
			<key>showEnvVarsInLog</key>
			<string>0</string>
		</dict>
		<key>DA68185E6CCB49FD84A6D015</key>
		<dict>
			<key>fileRef</key>
			<string>19DEB25A7EE94D15A6DB6F7D</string>
			<key>isa</key>
			<string>PBXBuildFile</string>
		</dict>
		<key>F0C5D7B73203475389D9B4CB</key>
		<dict>
			<key>buildActionMask</key>
			<string>2147483647</string>
			<key>files</key>
			<array/>
			<key>inputPaths</key>
			<array/>
			<key>isa</key>
			<string>PBXShellScriptBuildPhase</string>
			<key>name</key>
			<string>Check Pods Manifest.lock</string>
			<key>outputPaths</key>
			<array/>
			<key>runOnlyForDeploymentPostprocessing</key>
			<string>0</string>
			<key>shellPath</key>
			<string>/bin/sh</string>
			<key>shellScript</key>
			<string>diff "${PODS_ROOT}/../Podfile.lock" "${PODS_ROOT}/Manifest.lock" &gt; /dev/null
if [[ $? != 0 ]] ; then
    cat &lt;&lt; EOM
error: The sandbox is not in sync with the Podfile.lock. Run 'pod install' or update your CocoaPods installation.
EOM
    exit 1
fi
</string>
			<key>showEnvVarsInLog</key>
			<string>0</string>
		</dict>
	</dict>
	<key>rootObject</key>
	<string>3F85E88319279AF200275E9A</string>
</dict>
</plist>
